
Microsoft Visual Studio Solution File, Format Version 12.00
# Visual Studio Version 17
VisualStudioVersion = 17.2.32516.85
MinimumVisualStudioVersion = 10.0.40219.1
Project("{FAE04EC0-301F-11D3-BF4B-00C04F79EFBC}") = "evaluacion", "evaluacion\evaluacion.csproj", "{5C7D2287-C82C-436D-99D7-BACE5FA5C16D}"
EndProject
Global
	GlobalSection(SolutionConfigurationPlatforms) = preSolution
		Debug|Any CPU = Debug|Any CPU
		Release|Any CPU = Release|Any CPU
	EndGlobalSection
	GlobalSection(ProjectConfigurationPlatforms) = postSolution
		{5C7D2287-C82C-436D-99D7-BACE5FA5C16D}.Debug|Any CPU.ActiveCfg = Debug|Any CPU
		{5C7D2287-C82C-436D-99D7-BACE5FA5C16D}.Debug|Any CPU.Build.0 = Debug|Any CPU
		{5C7D2287-C82C-436D-99D7-BACE5FA5C16D}.Release|Any CPU.ActiveCfg = Release|Any CPU
		{5C7D2287-C82C-436D-99D7-BACE5FA5C16D}.Release|Any CPU.Build.0 = Release|Any CPU
	EndGlobalSection
	GlobalSection(SolutionProperties) = preSolution
		HideSolutionNode = FALSE
	EndGlobalSection
	GlobalSection(ExtensibilityGlobals) = postSolution
		SolutionGuid = {4FE23FCA-42B8-4A2D-982E-1D277E2C9469}
	EndGlobalSection
EndGlobal
